
Microsoft Visual Studio Solution File, Format Version 12.00
# Visual Studio 15
VisualStudioVersion = 15.0.28307.572
MinimumVisualStudioVersion = 10.0.40219.1
Project("{FAE04EC0-301F-11D3-BF4B-00C04F79EFBC}") = "MVCInjection", "MVCInjection\MVCInjection.csproj", "{2ED72CCF-7BDF-41FD-BFF5-0C0A1737687F}"
EndProject
Global
	GlobalSection(SolutionConfigurationPlatforms) = preSolution
		Debug|Any CPU = Debug|Any CPU
		Release|Any CPU = Release|Any CPU
	EndGlobalSection
	GlobalSection(ProjectConfigurationPlatforms) = postSolution
		{2ED72CCF-7BDF-41FD-BFF5-0C0A1737687F}.Debug|Any CPU.ActiveCfg = Debug|Any CPU
		{2ED72CCF-7BDF-41FD-BFF5-0C0A1737687F}.Debug|Any CPU.Build.0 = Debug|Any CPU
		{2ED72CCF-7BDF-41FD-BFF5-0C0A1737687F}.Release|Any CPU.ActiveCfg = Release|Any CPU
		{2ED72CCF-7BDF-41FD-BFF5-0C0A1737687F}.Release|Any CPU.Build.0 = Release|Any CPU
	EndGlobalSection
	GlobalSection(SolutionProperties) = preSolution
		HideSolutionNode = FALSE
	EndGlobalSection
	GlobalSection(ExtensibilityGlobals) = postSolution
		SolutionGuid = {0C4A8428-15DE-457B-BBFD-5EF2B3FDDBA8}
	EndGlobalSection
EndGlobal
